// !$*UTF8*$!
{
	archiveVersion = 1;
	classes = {
	};
	objectVersion = 56;
	objects = {

/* Begin PBXBuildFile section */
		50A9DCBB2B48E6C800A3183F /* LongBlob.swift in Sources */ = {isa = PBXBuildFile; fileRef = 50A9DCBA2B48E6C800A3183F /* LongBlob.swift */; };
		58F8ED2F2B3328FC00F2EB1E /* MacHeaterApp.swift in Sources */ = {isa = PBXBuildFile; fileRef = 58F8ED2E2B3328FC00F2EB1E /* MacHeaterApp.swift */; };
		58F8ED312B3328FC00F2EB1E /* ContentView.swift in Sources */ = {isa = PBXBuildFile; fileRef = 58F8ED302B3328FC00F2EB1E /* ContentView.swift */; };
		58F8ED332B3328FE00F2EB1E /* Assets.xcassets in Resources */ = {isa = PBXBuildFile; fileRef = 58F8ED322B3328FE00F2EB1E /* Assets.xcassets */; };
		58F8ED372B3328FE00F2EB1E /* Preview Assets.xcassets in Resources */ = {isa = PBXBuildFile; fileRef = 58F8ED362B3328FE00F2EB1E /* Preview Assets.xcassets */; };
		58F8ED412B3328FE00F2EB1E /* MacHeaterTests.swift in Sources */ = {isa = PBXBuildFile; fileRef = 58F8ED402B3328FE00F2EB1E /* MacHeaterTests.swift */; };
/* End PBXBuildFile section */

/* Begin PBXContainerItemProxy section */
		58F8ED3D2B3328FE00F2EB1E /* PBXContainerItemProxy */ = {
			isa = PBXContainerItemProxy;
			containerPortal = 58F8ED232B3328FC00F2EB1E /* Project object */;
			proxyType = 1;
			remoteGlobalIDString = 58F8ED2A2B3328FC00F2EB1E;
			remoteInfo = MacHeater;
		};
/* End PBXContainerItemProxy section */

/* Begin PBXFileReference section */
		50A9DCBA2B48E6C800A3183F /* LongBlob.swift */ = {isa = PBXFileReference; lastKnownFileType = sourcecode.swift; path = LongBlob.swift; sourceTree = "<group>"; };
		58F8ED2B2B3328FC00F2EB1E /* MacHeater.app */ = {isa = PBXFileReference; explicitFileType = wrapper.application; includeInIndex = 0; path = MacHeater.app; sourceTree = BUILT_PRODUCTS_DIR; };
		58F8ED2E2B3328FC00F2EB1E /* MacHeaterApp.swift */ = {isa = PBXFileReference; lastKnownFileType = sourcecode.swift; path = MacHeaterApp.swift; sourceTree = "<group>"; };
		58F8ED302B3328FC00F2EB1E /* ContentView.swift */ = {isa = PBXFileReference; lastKnownFileType = sourcecode.swift; path = ContentView.swift; sourceTree = "<group>"; };
		58F8ED322B3328FE00F2EB1E /* Assets.xcassets */ = {isa = PBXFileReference; lastKnownFileType = folder.assetcatalog; path = Assets.xcassets; sourceTree = "<group>"; };
		58F8ED342B3328FE00F2EB1E /* MacHeater.entitlements */ = {isa = PBXFileReference; lastKnownFileType = text.plist.entitlements; path = MacHeater.entitlements; sourceTree = "<group>"; };
		58F8ED362B3328FE00F2EB1E /* Preview Assets.xcassets */ = {isa = PBXFileReference; lastKnownFileType = folder.assetcatalog; path = "Preview Assets.xcassets"; sourceTree = "<group>"; };
		58F8ED3C2B3328FE00F2EB1E /* MacHeaterTests.xctest */ = {isa = PBXFileReference; explicitFileType = wrapper.cfbundle; includeInIndex = 0; path = MacHeaterTests.xctest; sourceTree = BUILT_PRODUCTS_DIR; };
		58F8ED402B3328FE00F2EB1E /* MacHeaterTests.swift */ = {isa = PBXFileReference; lastKnownFileType = sourcecode.swift; path = MacHeaterTests.swift; sourceTree = "<group>"; };
/* End PBXFileReference section */

/* Begin PBXFrameworksBuildPhase section */
		58F8ED282B3328FC00F2EB1E /* Frameworks */ = {
			isa = PBXFrameworksBuildPhase;
			buildActionMask = 2147483647;
			files = (
			);
			runOnlyForDeploymentPostprocessing = 0;
		};
		58F8ED392B3328FE00F2EB1E /* Frameworks */ = {
			isa = PBXFrameworksBuildPhase;
			buildActionMask = 2147483647;
			files = (
			);
			runOnlyForDeploymentPostprocessing = 0;
		};
/* End PBXFrameworksBuildPhase section */

/* Begin PBXGroup section */
		58F8ED222B3328FC00F2EB1E = {
			isa = PBXGroup;
			children = (
				58F8ED2D2B3328FC00F2EB1E /* MacHeater */,
				58F8ED3F2B3328FE00F2EB1E /* MacHeaterTests */,
				58F8ED2C2B3328FC00F2EB1E /* Products */,
			);
			sourceTree = "<group>";
		};
		58F8ED2C2B3328FC00F2EB1E /* Products */ = {
			isa = PBXGroup;
			children = (
				58F8ED2B2B3328FC00F2EB1E /* MacHeater.app */,
				58F8ED3C2B3328FE00F2EB1E /* MacHeaterTests.xctest */,
			);
			name = Products;
			sourceTree = "<group>";
		};
		58F8ED2D2B3328FC00F2EB1E /* MacHeater */ = {
			isa = PBXGroup;
			children = (
				58F8ED2E2B3328FC00F2EB1E /* MacHeaterApp.swift */,
				58F8ED302B3328FC00F2EB1E /* ContentView.swift */,
				58F8ED322B3328FE00F2EB1E /* Assets.xcassets */,
				58F8ED342B3328FE00F2EB1E /* MacHeater.entitlements */,
				58F8ED352B3328FE00F2EB1E /* Preview Content */,
			);
			path = MacHeater;
			sourceTree = "<group>";
		};
		58F8ED352B3328FE00F2EB1E /* Preview Content */ = {
			isa = PBXGroup;
			children = (
				58F8ED362B3328FE00F2EB1E /* Preview Assets.xcassets */,
			);
			path = "Preview Content";
			sourceTree = "<group>";
		};
		58F8ED3F2B3328FE00F2EB1E /* MacHeaterTests */ = {
			isa = PBXGroup;
			children = (
				58F8ED402B3328FE00F2EB1E /* MacHeaterTests.swift */,
				50A9DCBA2B48E6C800A3183F /* LongBlob.swift */,
			);
			path = MacHeaterTests;
			sourceTree = "<group>";
		};
/* End PBXGroup section */

/* Begin PBXNativeTarget section */
		58F8ED2A2B3328FC00F2EB1E /* MacHeater */ = {
			isa = PBXNativeTarget;
			buildConfigurationList = 58F8ED502B3328FE00F2EB1E /* Build configuration list for PBXNativeTarget "MacHeater" */;
			buildPhases = (
				58F8ED272B3328FC00F2EB1E /* Sources */,
				58F8ED282B3328FC00F2EB1E /* Frameworks */,
				58F8ED292B3328FC00F2EB1E /* Resources */,
			);
			buildRules = (
			);
			dependencies = (
			);
			name = MacHeater;
			productName = MacHeater;
			productReference = 58F8ED2B2B3328FC00F2EB1E /* MacHeater.app */;
			productType = "com.apple.product-type.application";
		};
		58F8ED3B2B3328FE00F2EB1E /* MacHeaterTests */ = {
			isa = PBXNativeTarget;
			buildConfigurationList = 58F8ED532B3328FE00F2EB1E /* Build configuration list for PBXNativeTarget "MacHeaterTests" */;
			buildPhases = (
				58F8ED382B3328FE00F2EB1E /* Sources */,
				58F8ED392B3328FE00F2EB1E /* Frameworks */,
				58F8ED3A2B3328FE00F2EB1E /* Resources */,
			);
			buildRules = (
			);
			dependencies = (
				58F8ED3E2B3328FE00F2EB1E /* PBXTargetDependency */,
			);
			name = MacHeaterTests;
			productName = MacHeaterTests;
			productReference = 58F8ED3C2B3328FE00F2EB1E /* MacHeaterTests.xctest */;
			productType = "com.apple.product-type.bundle.unit-test";
		};
/* End PBXNativeTarget section */

/* Begin PBXProject section */
		58F8ED232B3328FC00F2EB1E /* Project object */ = {
			isa = PBXProject;
			attributes = {
				BuildIndependentTargetsInParallel = 1;
				LastSwiftUpdateCheck = 1500;
				LastUpgradeCheck = 1500;
				TargetAttributes = {
					58F8ED2A2B3328FC00F2EB1E = {
						CreatedOnToolsVersion = 15.0.1;
					};
					58F8ED3B2B3328FE00F2EB1E = {
						CreatedOnToolsVersion = 15.0.1;
						TestTargetID = 58F8ED2A2B3328FC00F2EB1E;
					};
				};
			};
			buildConfigurationList = 58F8ED262B3328FC00F2EB1E /* Build configuration list for PBXProject "MacHeater" */;
			compatibilityVersion = "Xcode 14.0";
			developmentRegion = en;
			hasScannedForEncodings = 0;
			knownRegions = (
				en,
				Base,
			);
			mainGroup = 58F8ED222B3328FC00F2EB1E;
			productRefGroup = 58F8ED2C2B3328FC00F2EB1E /* Products */;
			projectDirPath = "";
			projectRoot = "";
			targets = (
				58F8ED2A2B3328FC00F2EB1E /* MacHeater */,
				58F8ED3B2B3328FE00F2EB1E /* MacHeaterTests */,
			);
		};
/* End PBXProject section */

/* Begin PBXResourcesBuildPhase section */
		58F8ED292B3328FC00F2EB1E /* Resources */ = {
			isa = PBXResourcesBuildPhase;
			buildActionMask = 2147483647;
			files = (
				58F8ED372B3328FE00F2EB1E /* Preview Assets.xcassets in Resources */,
				58F8ED332B3328FE00F2EB1E /* Assets.xcassets in Resources */,
			);
			runOnlyForDeploymentPostprocessing = 0;
		};
		58F8ED3A2B3328FE00F2EB1E /* Resources */ = {
			isa = PBXResourcesBuildPhase;
			buildActionMask = 2147483647;
			files = (
			);
			runOnlyForDeploymentPostprocessing = 0;
		};
/* End PBXResourcesBuildPhase section */

/* Begin PBXSourcesBuildPhase section */
		58F8ED272B3328FC00F2EB1E /* Sources */ = {
			isa = PBXSourcesBuildPhase;
			buildActionMask = 2147483647;
			files = (
				58F8ED312B3328FC00F2EB1E /* ContentView.swift in Sources */,
				58F8ED2F2B3328FC00F2EB1E /* MacHeaterApp.swift in Sources */,
			);
			runOnlyForDeploymentPostprocessing = 0;
		};
		58F8ED382B3328FE00F2EB1E /* Sources */ = {
			isa = PBXSourcesBuildPhase;
			buildActionMask = 2147483647;
			files = (
				50A9DCBB2B48E6C800A3183F /* LongBlob.swift in Sources */,
				58F8ED412B3328FE00F2EB1E /* MacHeaterTests.swift in Sources */,
			);
			runOnlyForDeploymentPostprocessing = 0;
		};
/* End PBXSourcesBuildPhase section */

/* Begin PBXTargetDependency section */
		58F8ED3E2B3328FE00F2EB1E /* PBXTargetDependency */ = {
			isa = PBXTargetDependency;
			target = 58F8ED2A2B3328FC00F2EB1E /* MacHeater */;
			targetProxy = 58F8ED3D2B3328FE00F2EB1E /* PBXContainerItemProxy */;
		};
/* End PBXTargetDependency section */

/* Begin XCBuildConfiguration section */
		58F8ED4E2B3328FE00F2EB1E /* Debug */ = {
			isa = XCBuildConfiguration;
			buildSettings = {
				ALWAYS_SEARCH_USER_PATHS = NO;
				ASSETCATALOG_COMPILER_GENERATE_SWIFT_ASSET_SYMBOL_EXTENSIONS = YES;
				CLANG_ANALYZER_NONNULL = YES;
				CLANG_ANALYZER_NUMBER_OBJECT_CONVERSION = YES_AGGRESSIVE;
				CLANG_CXX_LANGUAGE_STANDARD = "gnu++20";
				CLANG_ENABLE_MODULES = YES;
				CLANG_ENABLE_OBJC_ARC = YES;
				CLANG_ENABLE_OBJC_WEAK = YES;
				CLANG_WARN_BLOCK_CAPTURE_AUTORELEASING = YES;
				CLANG_WARN_BOOL_CONVERSION = YES;
				CLANG_WARN_COMMA = YES;
				CLANG_WARN_CONSTANT_CONVERSION = YES;
				CLANG_WARN_DEPRECATED_OBJC_IMPLEMENTATIONS = YES;
				CLANG_WARN_DIRECT_OBJC_ISA_USAGE = YES_ERROR;
				CLANG_WARN_DOCUMENTATION_COMMENTS = YES;
				CLANG_WARN_EMPTY_BODY = YES;
				CLANG_WARN_ENUM_CONVERSION = YES;
				CLANG_WARN_INFINITE_RECURSION = YES;
				CLANG_WARN_INT_CONVERSION = YES;
				CLANG_WARN_NON_LITERAL_NULL_CONVERSION = YES;
				CLANG_WARN_OBJC_IMPLICIT_RETAIN_SELF = YES;
				CLANG_WARN_OBJC_LITERAL_CONVERSION = YES;
				CLANG_WARN_OBJC_ROOT_CLASS = YES_ERROR;
				CLANG_WARN_QUOTED_INCLUDE_IN_FRAMEWORK_HEADER = YES;
				CLANG_WARN_RANGE_LOOP_ANALYSIS = YES;
				CLANG_WARN_STRICT_PROTOTYPES = YES;
				CLANG_WARN_SUSPICIOUS_MOVE = YES;
				CLANG_WARN_UNGUARDED_AVAILABILITY = YES_AGGRESSIVE;
				CLANG_WARN_UNREACHABLE_CODE = YES;
				CLANG_WARN__DUPLICATE_METHOD_MATCH = YES;
				COPY_PHASE_STRIP = NO;
				DEBUG_INFORMATION_FORMAT = dwarf;
				ENABLE_STRICT_OBJC_MSGSEND = YES;
				ENABLE_TESTABILITY = YES;
				ENABLE_USER_SCRIPT_SANDBOXING = YES;
				GCC_C_LANGUAGE_STANDARD = gnu17;
				GCC_DYNAMIC_NO_PIC = NO;
				GCC_NO_COMMON_BLOCKS = YES;
				GCC_OPTIMIZATION_LEVEL = 0;
				GCC_PREPROCESSOR_DEFINITIONS = (
					"DEBUG=1",
					"$(inherited)",
				);
				GCC_WARN_64_TO_32_BIT_CONVERSION = YES;
				GCC_WARN_ABOUT_RETURN_TYPE = YES_ERROR;
				GCC_WARN_UNDECLARED_SELECTOR = YES;
				GCC_WARN_UNINITIALIZED_AUTOS = YES_AGGRESSIVE;
				GCC_WARN_UNUSED_FUNCTION = YES;
				GCC_WARN_UNUSED_VARIABLE = YES;
				LOCALIZATION_PREFERS_STRING_CATALOGS = YES;
				MTL_ENABLE_DEBUG_INFO = INCLUDE_SOURCE;
				MTL_FAST_MATH = YES;
				ONLY_ACTIVE_ARCH = YES;
				SWIFT_ACTIVE_COMPILATION_CONDITIONS = "DEBUG $(inherited)";
				SWIFT_OPTIMIZATION_LEVEL = "-Onone";
			};
			name = Debug;
		};
		58F8ED4F2B3328FE00F2EB1E /* Release */ = {
			isa = XCBuildConfiguration;
			buildSettings = {
				ALWAYS_SEARCH_USER_PATHS = NO;
				ASSETCATALOG_COMPILER_GENERATE_SWIFT_ASSET_SYMBOL_EXTENSIONS = YES;
				CLANG_ANALYZER_NONNULL = YES;
				CLANG_ANALYZER_NUMBER_OBJECT_CONVERSION = YES_AGGRESSIVE;
				CLANG_CXX_LANGUAGE_STANDARD = "gnu++20";
				CLANG_ENABLE_MODULES = YES;
				CLANG_ENABLE_OBJC_ARC = YES;
				CLANG_ENABLE_OBJC_WEAK = YES;
				CLANG_WARN_BLOCK_CAPTURE_AUTORELEASING = YES;
				CLANG_WARN_BOOL_CONVERSION = YES;
				CLANG_WARN_COMMA = YES;
				CLANG_WARN_CONSTANT_CONVERSION = YES;
				CLANG_WARN_DEPRECATED_OBJC_IMPLEMENTATIONS = YES;
				CLANG_WARN_DIRECT_OBJC_ISA_USAGE = YES_ERROR;
				CLANG_WARN_DOCUMENTATION_COMMENTS = YES;
				CLANG_WARN_EMPTY_BODY = YES;
				CLANG_WARN_ENUM_CONVERSION = YES;
				CLANG_WARN_INFINITE_RECURSION = YES;
				CLANG_WARN_INT_CONVERSION = YES;
				CLANG_WARN_NON_LITERAL_NULL_CONVERSION = YES;
				CLANG_WARN_OBJC_IMPLICIT_RETAIN_SELF = YES;
				CLANG_WARN_OBJC_LITERAL_CONVERSION = YES;
				CLANG_WARN_OBJC_ROOT_CLASS = YES_ERROR;
				CLANG_WARN_QUOTED_INCLUDE_IN_FRAMEWORK_HEADER = YES;
				CLANG_WARN_RANGE_LOOP_ANALYSIS = YES;
				CLANG_WARN_STRICT_PROTOTYPES = YES;
				CLANG_WARN_SUSPICIOUS_MOVE = YES;
				CLANG_WARN_UNGUARDED_AVAILABILITY = YES_AGGRESSIVE;
				CLANG_WARN_UNREACHABLE_CODE = YES;
				CLANG_WARN__DUPLICATE_METHOD_MATCH = YES;
				COPY_PHASE_STRIP = NO;
				DEBUG_INFORMATION_FORMAT = "dwarf-with-dsym";
				ENABLE_NS_ASSERTIONS = NO;
				ENABLE_STRICT_OBJC_MSGSEND = YES;
				ENABLE_USER_SCRIPT_SANDBOXING = YES;
				GCC_C_LANGUAGE_STANDARD = gnu17;
				GCC_NO_COMMON_BLOCKS = YES;
				GCC_WARN_64_TO_32_BIT_CONVERSION = YES;
				GCC_WARN_ABOUT_RETURN_TYPE = YES_ERROR;
				GCC_WARN_UNDECLARED_SELECTOR = YES;
				GCC_WARN_UNINITIALIZED_AUTOS = YES_AGGRESSIVE;
				GCC_WARN_UNUSED_FUNCTION = YES;
				GCC_WARN_UNUSED_VARIABLE = YES;
				LOCALIZATION_PREFERS_STRING_CATALOGS = YES;
				MTL_ENABLE_DEBUG_INFO = NO;
				MTL_FAST_MATH = YES;
				SWIFT_COMPILATION_MODE = wholemodule;
			};
			name = Release;
		};
		58F8ED512B3328FE00F2EB1E /* Debug */ = {
			isa = XCBuildConfiguration;
			buildSettings = {
				ASSETCATALOG_COMPILER_APPICON_NAME = AppIcon;
				ASSETCATALOG_COMPILER_GLOBAL_ACCENT_COLOR_NAME = AccentColor;
				CODE_SIGN_ENTITLEMENTS = MacHeater/MacHeater.entitlements;
				CODE_SIGN_STYLE = Automatic;
				CURRENT_PROJECT_VERSION = 1;
				DEVELOPMENT_ASSET_PATHS = "\"MacHeater/Preview Content\"";
				DEVELOPMENT_TEAM = LS9HB285X6;
				ENABLE_HARDENED_RUNTIME = YES;
				ENABLE_PREVIEWS = YES;
				GENERATE_INFOPLIST_FILE = YES;
				"INFOPLIST_KEY_UIApplicationSceneManifest_Generation[sdk=iphoneos*]" = YES;
				"INFOPLIST_KEY_UIApplicationSceneManifest_Generation[sdk=iphonesimulator*]" = YES;
				"INFOPLIST_KEY_UIApplicationSupportsIndirectInputEvents[sdk=iphoneos*]" = YES;
				"INFOPLIST_KEY_UIApplicationSupportsIndirectInputEvents[sdk=iphonesimulator*]" = YES;
				"INFOPLIST_KEY_UILaunchScreen_Generation[sdk=iphoneos*]" = YES;
				"INFOPLIST_KEY_UILaunchScreen_Generation[sdk=iphonesimulator*]" = YES;
				"INFOPLIST_KEY_UIStatusBarStyle[sdk=iphoneos*]" = UIStatusBarStyleDefault;
				"INFOPLIST_KEY_UIStatusBarStyle[sdk=iphonesimulator*]" = UIStatusBarStyleDefault;
				INFOPLIST_KEY_UISupportedInterfaceOrientations_iPad = "UIInterfaceOrientationPortrait UIInterfaceOrientationPortraitUpsideDown UIInterfaceOrientationLandscapeLeft UIInterfaceOrientationLandscapeRight";
				INFOPLIST_KEY_UISupportedInterfaceOrientations_iPhone = "UIInterfaceOrientationPortrait UIInterfaceOrientationLandscapeLeft UIInterfaceOrientationLandscapeRight";
				IPHONEOS_DEPLOYMENT_TARGET = 17.0;
				LD_RUNPATH_SEARCH_PATHS = "@executable_path/Frameworks";
				"LD_RUNPATH_SEARCH_PATHS[sdk=macosx*]" = "@executable_path/../Frameworks";
				MACOSX_DEPLOYMENT_TARGET = 14.0;
				MARKETING_VERSION = 1.0;
				PRODUCT_BUNDLE_IDENTIFIER = com.yurssoft.MacHeater;
				PRODUCT_NAME = "$(TARGET_NAME)";
				SDKROOT = auto;
				SUPPORTED_PLATFORMS = "iphoneos iphonesimulator macosx";
				SWIFT_EMIT_LOC_STRINGS = YES;
				SWIFT_VERSION = 5.0;
				TARGETED_DEVICE_FAMILY = "1,2";
			};
			name = Debug;
		};
		58F8ED522B3328FE00F2EB1E /* Release */ = {
			isa = XCBuildConfiguration;
			buildSettings = {
				ASSETCATALOG_COMPILER_APPICON_NAME = AppIcon;
				ASSETCATALOG_COMPILER_GLOBAL_ACCENT_COLOR_NAME = AccentColor;
				CODE_SIGN_ENTITLEMENTS = MacHeater/MacHeater.entitlements;
				CODE_SIGN_STYLE = Automatic;
				CURRENT_PROJECT_VERSION = 1;
				DEVELOPMENT_ASSET_PATHS = "\"MacHeater/Preview Content\"";
				DEVELOPMENT_TEAM = LS9HB285X6;
				ENABLE_HARDENED_RUNTIME = YES;
				ENABLE_PREVIEWS = YES;
				GENERATE_INFOPLIST_FILE = YES;
				"INFOPLIST_KEY_UIApplicationSceneManifest_Generation[sdk=iphoneos*]" = YES;
				"INFOPLIST_KEY_UIApplicationSceneManifest_Generation[sdk=iphonesimulator*]" = YES;
				"INFOPLIST_KEY_UIApplicationSupportsIndirectInputEvents[sdk=iphoneos*]" = YES;
				"INFOPLIST_KEY_UIApplicationSupportsIndirectInputEvents[sdk=iphonesimulator*]" = YES;
				"INFOPLIST_KEY_UILaunchScreen_Generation[sdk=iphoneos*]" = YES;
				"INFOPLIST_KEY_UILaunchScreen_Generation[sdk=iphonesimulator*]" = YES;
				"INFOPLIST_KEY_UIStatusBarStyle[sdk=iphoneos*]" = UIStatusBarStyleDefault;
				"INFOPLIST_KEY_UIStatusBarStyle[sdk=iphonesimulator*]" = UIStatusBarStyleDefault;
				INFOPLIST_KEY_UISupportedInterfaceOrientations_iPad = "UIInterfaceOrientationPortrait UIInterfaceOrientationPortraitUpsideDown UIInterfaceOrientationLandscapeLeft UIInterfaceOrientationLandscapeRight";
				INFOPLIST_KEY_UISupportedInterfaceOrientations_iPhone = "UIInterfaceOrientationPortrait UIInterfaceOrientationLandscapeLeft UIInterfaceOrientationLandscapeRight";
				IPHONEOS_DEPLOYMENT_TARGET = 17.0;
				LD_RUNPATH_SEARCH_PATHS = "@executable_path/Frameworks";
				"LD_RUNPATH_SEARCH_PATHS[sdk=macosx*]" = "@executable_path/../Frameworks";
				MACOSX_DEPLOYMENT_TARGET = 14.0;
				MARKETING_VERSION = 1.0;
				PRODUCT_BUNDLE_IDENTIFIER = com.yurssoft.MacHeater;
				PRODUCT_NAME = "$(TARGET_NAME)";
				SDKROOT = auto;
				SUPPORTED_PLATFORMS = "iphoneos iphonesimulator macosx";
				SWIFT_EMIT_LOC_STRINGS = YES;
				SWIFT_VERSION = 5.0;
				TARGETED_DEVICE_FAMILY = "1,2";
			};
			name = Release;
		};
		58F8ED542B3328FE00F2EB1E /* Debug */ = {
			isa = XCBuildConfiguration;
			buildSettings = {
				ALWAYS_EMBED_SWIFT_STANDARD_LIBRARIES = YES;
				BUNDLE_LOADER = "$(TEST_HOST)";
				CODE_SIGN_STYLE = Automatic;
				CURRENT_PROJECT_VERSION = 1;
				DEVELOPMENT_TEAM = LS9HB285X6;
				GENERATE_INFOPLIST_FILE = YES;
				IPHONEOS_DEPLOYMENT_TARGET = 17.0;
				MACOSX_DEPLOYMENT_TARGET = 14.0;
				MARKETING_VERSION = 1.0;
				PRODUCT_BUNDLE_IDENTIFIER = com.yurssoft.MacHeaterTests;
				PRODUCT_NAME = "$(TARGET_NAME)";
				SDKROOT = auto;
				SUPPORTED_PLATFORMS = "iphoneos iphonesimulator macosx";
				SWIFT_EMIT_LOC_STRINGS = NO;
				SWIFT_VERSION = 5.0;
				TARGETED_DEVICE_FAMILY = "1,2";
				TEST_HOST = "$(BUILT_PRODUCTS_DIR)/MacHeater.app/$(BUNDLE_EXECUTABLE_FOLDER_PATH)/MacHeater";
			};
			name = Debug;
		};
		58F8ED552B3328FE00F2EB1E /* Release */ = {
			isa = XCBuildConfiguration;
			buildSettings = {
				ALWAYS_EMBED_SWIFT_STANDARD_LIBRARIES = YES;
				BUNDLE_LOADER = "$(TEST_HOST)";
				CODE_SIGN_STYLE = Automatic;
				CURRENT_PROJECT_VERSION = 1;
				DEVELOPMENT_TEAM = LS9HB285X6;
				GENERATE_INFOPLIST_FILE = YES;
				IPHONEOS_DEPLOYMENT_TARGET = 17.0;
				MACOSX_DEPLOYMENT_TARGET = 14.0;
				MARKETING_VERSION = 1.0;
				PRODUCT_BUNDLE_IDENTIFIER = com.yurssoft.MacHeaterTests;
				PRODUCT_NAME = "$(TARGET_NAME)";
				SDKROOT = auto;
				SUPPORTED_PLATFORMS = "iphoneos iphonesimulator macosx";
				SWIFT_EMIT_LOC_STRINGS = NO;
				SWIFT_VERSION = 5.0;
				TARGETED_DEVICE_FAMILY = "1,2";
				TEST_HOST = "$(BUILT_PRODUCTS_DIR)/MacHeater.app/$(BUNDLE_EXECUTABLE_FOLDER_PATH)/MacHeater";
			};
			name = Release;
		};
/* End XCBuildConfiguration section */

/* Begin XCConfigurationList section */
		58F8ED262B3328FC00F2EB1E /* Build configuration list for PBXProject "MacHeater" */ = {
			isa = XCConfigurationList;
			buildConfigurations = (
				58F8ED4E2B3328FE00F2EB1E /* Debug */,
				58F8ED4F2B3328FE00F2EB1E /* Release */,
			);
			defaultConfigurationIsVisible = 0;
			defaultConfigurationName = Release;
		};
		58F8ED502B3328FE00F2EB1E /* Build configuration list for PBXNativeTarget "MacHeater" */ = {
			isa = XCConfigurationList;
			buildConfigurations = (
				58F8ED512B3328FE00F2EB1E /* Debug */,
				58F8ED522B3328FE00F2EB1E /* Release */,
			);
			defaultConfigurationIsVisible = 0;
			defaultConfigurationName = Release;
		};
		58F8ED532B3328FE00F2EB1E /* Build configuration list for PBXNativeTarget "MacHeaterTests" */ = {
			isa = XCConfigurationList;
			buildConfigurations = (
				58F8ED542B3328FE00F2EB1E /* Debug */,
				58F8ED552B3328FE00F2EB1E /* Release */,
			);
			defaultConfigurationIsVisible = 0;
			defaultConfigurationName = Release;
		};
/* End XCConfigurationList section */
	};
	rootObject = 58F8ED232B3328FC00F2EB1E /* Project object */;
}
